
Microsoft Visual Studio Solution File, Format Version 12.00
# Visual Studio Version 16
VisualStudioVersion = 16.0.30330.147
MinimumVisualStudioVersion = 10.0.40219.1
Project("{FAE04EC0-301F-11D3-BF4B-00C04F79EFBC}") = "Exercicio(ToString)", "Exercicio(ToString)\Exercicio(ToString).csproj", "{CEC085B1-F736-4460-B0F0-24289F25EE94}"
EndProject
Global
	GlobalSection(SolutionConfigurationPlatforms) = preSolution
		Debug|Any CPU = Debug|Any CPU
		Release|Any CPU = Release|Any CPU
	EndGlobalSection
	GlobalSection(ProjectConfigurationPlatforms) = postSolution
		{CEC085B1-F736-4460-B0F0-24289F25EE94}.Debug|Any CPU.ActiveCfg = Debug|Any CPU
		{CEC085B1-F736-4460-B0F0-24289F25EE94}.Debug|Any CPU.Build.0 = Debug|Any CPU
		{CEC085B1-F736-4460-B0F0-24289F25EE94}.Release|Any CPU.ActiveCfg = Release|Any CPU
		{CEC085B1-F736-4460-B0F0-24289F25EE94}.Release|Any CPU.Build.0 = Release|Any CPU
	EndGlobalSection
	GlobalSection(SolutionProperties) = preSolution
		HideSolutionNode = FALSE
	EndGlobalSection
	GlobalSection(ExtensibilityGlobals) = postSolution
		SolutionGuid = {DB28C230-9B02-4869-8957-5F4A717EC41E}
	EndGlobalSection
EndGlobal
